version = 1
revision = 1
requires-python = "==3.12.*"

[[package]]
name = "bg2cellml"
version = "0.1.0"
source = { virtual = "." }
dependencies = [
    { name = "lxml" },
    { name = "networkx" },
    { name = "pint" },
    { name = "rdflib" },
    { name = "ucumvert" },
]

[package.metadata]
requires-dist = [
    { name = "lxml", specifier = ">=5.4.0" },
    { name = "networkx", specifier = ">=3.3" },
    { name = "pint", specifier = ">=0.24.4" },
    { name = "rdflib", specifier = ">=7.1.4" },
    { name = "ucumvert", specifier = ">=0.2.2" },
]

[[package]]
name = "flexcache"
version = "0.3"
source = { registry = "https://pypi.org/simple" }
dependencies = [
    { name = "typing-extensions" },
]
sdist = { url = "https://files.pythonhosted.org/packages/55/b0/8a21e330561c65653d010ef112bf38f60890051d244ede197ddaa08e50c1/flexcache-0.3.tar.gz", hash = "sha256:18743bd5a0621bfe2cf8d519e4c3bfdf57a269c15d1ced3fb4b64e0ff4600656", size = 15816 }
wheels = [
    { url = "https://files.pythonhosted.org/packages/27/cd/c883e1a7c447479d6e13985565080e3fea88ab5a107c21684c813dba1875/flexcache-0.3-py3-none-any.whl", hash = "sha256:d43c9fea82336af6e0115e308d9d33a185390b8346a017564611f1466dcd2e32", size = 13263 },
]

[[package]]
name = "flexparser"
version = "0.4"
source = { registry = "https://pypi.org/simple" }
dependencies = [
    { name = "typing-extensions" },
]
sdist = { url = "https://files.pythonhosted.org/packages/82/99/b4de7e39e8eaf8207ba1a8fa2241dd98b2ba72ae6e16960d8351736d8702/flexparser-0.4.tar.gz", hash = "sha256:266d98905595be2ccc5da964fe0a2c3526fbbffdc45b65b3146d75db992ef6b2", size = 31799 }
wheels = [
    { url = "https://files.pythonhosted.org/packages/fe/5e/3be305568fe5f34448807976dc82fc151d76c3e0e03958f34770286278c1/flexparser-0.4-py3-none-any.whl", hash = "sha256:3738b456192dcb3e15620f324c447721023c0293f6af9955b481e91d00179846", size = 27625 },
]

[[package]]
name = "lark"
version = "1.2.2"
source = { registry = "https://pypi.org/simple" }
sdist = { url = "https://files.pythonhosted.org/packages/af/60/bc7622aefb2aee1c0b4ba23c1446d3e30225c8770b38d7aedbfb65ca9d5a/lark-1.2.2.tar.gz", hash = "sha256:ca807d0162cd16cef15a8feecb862d7319e7a09bdb13aef927968e45040fed80", size = 252132 }
wheels = [
    { url = "https://files.pythonhosted.org/packages/2d/00/d90b10b962b4277f5e64a78b6609968859ff86889f5b898c1a778c06ec00/lark-1.2.2-py3-none-any.whl", hash = "sha256:c2276486b02f0f1b90be155f2c8ba4a8e194d42775786db622faccd652d8e80c", size = 111036 },
]

[[package]]
name = "lxml"
version = "5.4.0"
source = { registry = "https://pypi.org/simple" }
sdist = { url = "https://files.pythonhosted.org/packages/76/3d/14e82fc7c8fb1b7761f7e748fd47e2ec8276d137b6acfe5a4bb73853e08f/lxml-5.4.0.tar.gz", hash = "sha256:d12832e1dbea4be280b22fd0ea7c9b87f0d8fc51ba06e92dc62d52f804f78ebd", size = 3679479 }
wheels = [
    { url = "https://files.pythonhosted.org/packages/f8/4c/d101ace719ca6a4ec043eb516fcfcb1b396a9fccc4fcd9ef593df34ba0d5/lxml-5.4.0-cp312-cp312-macosx_10_9_universal2.whl", hash = "sha256:b5aff6f3e818e6bdbbb38e5967520f174b18f539c2b9de867b1e7fde6f8d95a4", size = 8127392 },
    { url = "https://files.pythonhosted.org/packages/11/84/beddae0cec4dd9ddf46abf156f0af451c13019a0fa25d7445b655ba5ccb7/lxml-5.4.0-cp312-cp312-macosx_10_9_x86_64.whl", hash = "sha256:942a5d73f739ad7c452bf739a62a0f83e2578afd6b8e5406308731f4ce78b16d", size = 4415103 },
    { url = "https://files.pythonhosted.org/packages/d0/25/d0d93a4e763f0462cccd2b8a665bf1e4343dd788c76dcfefa289d46a38a9/lxml-5.4.0-cp312-cp312-manylinux_2_12_i686.manylinux2010_i686.manylinux_2_17_i686.manylinux2014_i686.whl", hash = "sha256:460508a4b07364d6abf53acaa0a90b6d370fafde5693ef37602566613a9b0779", size = 5024224 },
    { url = "https://files.pythonhosted.org/packages/31/ce/1df18fb8f7946e7f3388af378b1f34fcf253b94b9feedb2cec5969da8012/lxml-5.4.0-cp312-cp312-manylinux_2_17_aarch64.manylinux2014_aarch64.whl", hash = "sha256:529024ab3a505fed78fe3cc5ddc079464e709f6c892733e3f5842007cec8ac6e", size = 4769913 },
    { url = "https://files.pythonhosted.org/packages/4e/62/f4a6c60ae7c40d43657f552f3045df05118636be1165b906d3423790447f/lxml-5.4.0-cp312-cp312-manylinux_2_17_ppc64le.manylinux2014_ppc64le.whl", hash = "sha256:7ca56ebc2c474e8f3d5761debfd9283b8b18c76c4fc0967b74aeafba1f5647f9", size = 5290441 },
    { url = "https://files.pythonhosted.org/packages/9e/aa/04f00009e1e3a77838c7fc948f161b5d2d5de1136b2b81c712a263829ea4/lxml-5.4.0-cp312-cp312-manylinux_2_17_s390x.manylinux2014_s390x.whl", hash = "sha256:a81e1196f0a5b4167a8dafe3a66aa67c4addac1b22dc47947abd5d5c7a3f24b5", size = 4820165 },
    { url = "https://files.pythonhosted.org/packages/c9/1f/e0b2f61fa2404bf0f1fdf1898377e5bd1b74cc9b2cf2c6ba8509b8f27990/lxml-5.4.0-cp312-cp312-manylinux_2_17_x86_64.manylinux2014_x86_64.whl", hash = "sha256:00b8686694423ddae324cf614e1b9659c2edb754de617703c3d29ff568448df5", size = 4932580 },
    { url = "https://files.pythonhosted.org/packages/24/a2/8263f351b4ffe0ed3e32ea7b7830f845c795349034f912f490180d88a877/lxml-5.4.0-cp312-cp312-manylinux_2_28_aarch64.whl", hash = "sha256:c5681160758d3f6ac5b4fea370495c48aac0989d6a0f01bb9a72ad8ef5ab75c4", size = 4759493 },
    { url = "https://files.pythonhosted.org/packages/05/00/41db052f279995c0e35c79d0f0fc9f8122d5b5e9630139c592a0b58c71b4/lxml-5.4.0-cp312-cp312-manylinux_2_28_ppc64le.whl", hash = "sha256:2dc191e60425ad70e75a68c9fd90ab284df64d9cd410ba8d2b641c0c45bc006e", size = 5324679 },
    { url = "https://files.pythonhosted.org/packages/1d/be/ee99e6314cdef4587617d3b3b745f9356d9b7dd12a9663c5f3b5734b64ba/lxml-5.4.0-cp312-cp312-manylinux_2_28_s390x.whl", hash = "sha256:67f779374c6b9753ae0a0195a892a1c234ce8416e4448fe1e9f34746482070a7", size = 4890691 },
    { url = "https://files.pythonhosted.org/packages/ad/36/239820114bf1d71f38f12208b9c58dec033cbcf80101cde006b9bde5cffd/lxml-5.4.0-cp312-cp312-manylinux_2_28_x86_64.whl", hash = "sha256:79d5bfa9c1b455336f52343130b2067164040604e41f6dc4d8313867ed540079", size = 4955075 },
    { url = "https://files.pythonhosted.org/packages/d4/e1/1b795cc0b174efc9e13dbd078a9ff79a58728a033142bc6d70a1ee8fc34d/lxml-5.4.0-cp312-cp312-musllinux_1_2_aarch64.whl", hash = "sha256:3d3c30ba1c9b48c68489dc1829a6eede9873f52edca1dda900066542528d6b20", size = 4838680 },
    { url = "https://files.pythonhosted.org/packages/72/48/3c198455ca108cec5ae3662ae8acd7fd99476812fd712bb17f1b39a0b589/lxml-5.4.0-cp312-cp312-musllinux_1_2_ppc64le.whl", hash = "sha256:1af80c6316ae68aded77e91cd9d80648f7dd40406cef73df841aa3c36f6907c8", size = 5391253 },
    { url = "https://files.pythonhosted.org/packages/d6/10/5bf51858971c51ec96cfc13e800a9951f3fd501686f4c18d7d84fe2d6352/lxml-5.4.0-cp312-cp312-musllinux_1_2_s390x.whl", hash = "sha256:4d885698f5019abe0de3d352caf9466d5de2baded00a06ef3f1216c1a58ae78f", size = 5261651 },
    { url = "https://files.pythonhosted.org/packages/2b/11/06710dd809205377da380546f91d2ac94bad9ff735a72b64ec029f706c85/lxml-5.4.0-cp312-cp312-musllinux_1_2_x86_64.whl", hash = "sha256:aea53d51859b6c64e7c51d522c03cc2c48b9b5d6172126854cc7f01aa11f52bc", size = 5024315 },
    { url = "https://files.pythonhosted.org/packages/f5/b0/15b6217834b5e3a59ebf7f53125e08e318030e8cc0d7310355e6edac98ef/lxml-5.4.0-cp312-cp312-win32.whl", hash = "sha256:d90b729fd2732df28130c064aac9bb8aff14ba20baa4aee7bd0795ff1187545f", size = 3486149 },
    { url = "https://files.pythonhosted.org/packages/91/1e/05ddcb57ad2f3069101611bd5f5084157d90861a2ef460bf42f45cced944/lxml-5.4.0-cp312-cp312-win_amd64.whl", hash = "sha256:1dc4ca99e89c335a7ed47d38964abcb36c5910790f9bd106f2a8fa2ee0b909d2", size = 3817095 },
]

[[package]]
name = "networkx"
version = "3.5"
source = { registry = "https://pypi.org/simple" }
sdist = { url = "https://files.pythonhosted.org/packages/6c/4f/ccdb8ad3a38e583f214547fd2f7ff1fc160c43a75af88e6aec213404b96a/networkx-3.5.tar.gz", hash = "sha256:d4c6f9cf81f52d69230866796b82afbccdec3db7ae4fbd1b65ea750feed50037", size = 2471065 }
wheels = [
    { url = "https://files.pythonhosted.org/packages/eb/8d/776adee7bbf76365fdd7f2552710282c79a4ead5d2a46408c9043a2b70ba/networkx-3.5-py3-none-any.whl", hash = "sha256:0030d386a9a06dee3565298b4a734b68589749a544acbb6c412dc9e2489ec6ec", size = 2034406 },
]

[[package]]
name = "pint"
version = "0.24.4"
source = { registry = "https://pypi.org/simple" }
dependencies = [
    { name = "flexcache" },
    { name = "flexparser" },
    { name = "platformdirs" },
    { name = "typing-extensions" },
]
sdist = { url = "https://files.pythonhosted.org/packages/20/bb/52b15ddf7b7706ed591134a895dbf6e41c8348171fb635e655e0a4bbb0ea/pint-0.24.4.tar.gz", hash = "sha256:35275439b574837a6cd3020a5a4a73645eb125ce4152a73a2f126bf164b91b80", size = 342225 }
wheels = [
    { url = "https://files.pythonhosted.org/packages/b7/16/bd2f5904557265882108dc2e04f18abc05ab0c2b7082ae9430091daf1d5c/Pint-0.24.4-py3-none-any.whl", hash = "sha256:aa54926c8772159fcf65f82cc0d34de6768c151b32ad1deb0331291c38fe7659", size = 302029 },
]

[[package]]
name = "platformdirs"
version = "4.3.8"
source = { registry = "https://pypi.org/simple" }
sdist = { url = "https://files.pythonhosted.org/packages/fe/8b/3c73abc9c759ecd3f1f7ceff6685840859e8070c4d947c93fae71f6a0bf2/platformdirs-4.3.8.tar.gz", hash = "sha256:3d512d96e16bcb959a814c9f348431070822a6496326a4be0911c40b5a74c2bc", size = 21362 }
wheels = [
    { url = "https://files.pythonhosted.org/packages/fe/39/979e8e21520d4e47a0bbe349e2713c0aac6f3d853d0e5b34d76206c439aa/platformdirs-4.3.8-py3-none-any.whl", hash = "sha256:ff7059bb7eb1179e2685604f4aaf157cfd9535242bd23742eadc3c13542139b4", size = 18567 },
]

[[package]]
name = "pyparsing"
version = "3.2.3"
source = { registry = "https://pypi.org/simple" }
sdist = { url = "https://files.pythonhosted.org/packages/bb/22/f1129e69d94ffff626bdb5c835506b3a5b4f3d070f17ea295e12c2c6f60f/pyparsing-3.2.3.tar.gz", hash = "sha256:b9c13f1ab8b3b542f72e28f634bad4de758ab3ce4546e4301970ad6fa77c38be", size = 1088608 }
wheels = [
    { url = "https://files.pythonhosted.org/packages/05/e7/df2285f3d08fee213f2d041540fa4fc9ca6c2d44cf36d3a035bf2a8d2bcc/pyparsing-3.2.3-py3-none-any.whl", hash = "sha256:a749938e02d6fd0b59b356ca504a24982314bb090c383e3cf201c95ef7e2bfcf", size = 111120 },
]

[[package]]
name = "rdflib"
version = "7.1.4"
source = { registry = "https://pypi.org/simple" }
dependencies = [
    { name = "pyparsing" },
]
sdist = { url = "https://files.pythonhosted.org/packages/e8/7e/cb2d74466bd8495051ebe2d241b1cb1d4acf9740d481126aef19ef2697f5/rdflib-7.1.4.tar.gz", hash = "sha256:fed46e24f26a788e2ab8e445f7077f00edcf95abb73bcef4b86cefa8b62dd174", size = 4692745 }
wheels = [
    { url = "https://files.pythonhosted.org/packages/f4/31/e9b6f04288dcd3fa60cb3179260d6dad81b92aef3063d679ac7d80a827ea/rdflib-7.1.4-py3-none-any.whl", hash = "sha256:72f4adb1990fa5241abd22ddaf36d7cafa5d91d9ff2ba13f3086d339b213d997", size = 565051 },
]

[[package]]
name = "typing-extensions"
version = "4.14.0"
source = { registry = "https://pypi.org/simple" }
sdist = { url = "https://files.pythonhosted.org/packages/d1/bc/51647cd02527e87d05cb083ccc402f93e441606ff1f01739a62c8ad09ba5/typing_extensions-4.14.0.tar.gz", hash = "sha256:8676b788e32f02ab42d9e7c61324048ae4c6d844a399eebace3d4979d75ceef4", size = 107423 }
wheels = [
    { url = "https://files.pythonhosted.org/packages/69/e0/552843e0d356fbb5256d21449fa957fa4eff3bbc135a74a691ee70c7c5da/typing_extensions-4.14.0-py3-none-any.whl", hash = "sha256:a1514509136dd0b477638fc68d6a91497af5076466ad0fa6c338e44e359944af", size = 43839 },
]

[[package]]
name = "ucumvert"
version = "0.2.2"
source = { registry = "https://pypi.org/simple" }
dependencies = [
    { name = "lark" },
    { name = "pint" },
]
sdist = { url = "https://files.pythonhosted.org/packages/d1/27/cfeeea46e92d30edd1f8938e7630798e92c2cc8dbb0493a26373d850b3c4/ucumvert-0.2.2.tar.gz", hash = "sha256:f6218839a36b0e74e671f16d1f9f4aa1a2b530527a3c126031515c13273b1343", size = 52281 }
wheels = [
    { url = "https://files.pythonhosted.org/packages/6b/b5/be9107654e04f7bcc16138598f2bccfde20952dfe1115f5289b5a7c5717e/ucumvert-0.2.2-py3-none-any.whl", hash = "sha256:cd5b9e93f9dfc52d4dbe3f4e790d0b426934185823a611fd6898bb4e3d6f4c86", size = 53201 },
]
